
Microsoft Visual Studio Solution File, Format Version 12.00
# Visual Studio Version 16
VisualStudioVersion = 16.0.30804.86
MinimumVisualStudioVersion = 10.0.40219.1
Project("{9A19103F-16F7-4668-BE54-9A1E7A4F7556}") = "DemoLib", "..\DemoLib\DemoLib.csproj", "{B10D8986-F5D9-424F-AB4B-6463397660FB}"
EndProject
Global
	GlobalSection(SolutionConfigurationPlatforms) = preSolution
		Debug|Any CPU = Debug|Any CPU
		Release|Any CPU = Release|Any CPU
	EndGlobalSection
	GlobalSection(ProjectConfigurationPlatforms) = postSolution
		{B10D8986-F5D9-424F-AB4B-6463397660FB}.Debug|Any CPU.ActiveCfg = Debug|Any CPU
		{B10D8986-F5D9-424F-AB4B-6463397660FB}.Debug|Any CPU.Build.0 = Debug|Any CPU
		{B10D8986-F5D9-424F-AB4B-6463397660FB}.Release|Any CPU.ActiveCfg = Release|Any CPU
		{B10D8986-F5D9-424F-AB4B-6463397660FB}.Release|Any CPU.Build.0 = Release|Any CPU
	EndGlobalSection
	GlobalSection(SolutionProperties) = preSolution
		HideSolutionNode = FALSE
	EndGlobalSection
	GlobalSection(ExtensibilityGlobals) = postSolution
		SolutionGuid = {D51E118C-7AF8-497A-9A4C-0DB217B92E82}
	EndGlobalSection
EndGlobal
